
Microsoft Visual Studio Solution File, Format Version 12.00
# Visual Studio Version 17
VisualStudioVersion = 17.8.34330.188
MinimumVisualStudioVersion = 10.0.40219.1
Project("{FAE04EC0-301F-11D3-BF4B-00C04F79EFBC}") = "Aula66", "Aula66.csproj", "{1FA1302D-7213-43B1-BEAF-CC8268618E04}"
EndProject
Global
	GlobalSection(SolutionConfigurationPlatforms) = preSolution
		Debug|Any CPU = Debug|Any CPU
		Release|Any CPU = Release|Any CPU
	EndGlobalSection
	GlobalSection(ProjectConfigurationPlatforms) = postSolution
		{1FA1302D-7213-43B1-BEAF-CC8268618E04}.Debug|Any CPU.ActiveCfg = Debug|Any CPU
		{1FA1302D-7213-43B1-BEAF-CC8268618E04}.Debug|Any CPU.Build.0 = Debug|Any CPU
		{1FA1302D-7213-43B1-BEAF-CC8268618E04}.Release|Any CPU.ActiveCfg = Release|Any CPU
		{1FA1302D-7213-43B1-BEAF-CC8268618E04}.Release|Any CPU.Build.0 = Release|Any CPU
	EndGlobalSection
	GlobalSection(SolutionProperties) = preSolution
		HideSolutionNode = FALSE
	EndGlobalSection
	GlobalSection(ExtensibilityGlobals) = postSolution
		SolutionGuid = {FBDD8589-8915-4249-803E-8D1911F37830}
	EndGlobalSection
EndGlobal
