
Microsoft Visual Studio Solution File, Format Version 12.00
# Visual Studio Version 17
VisualStudioVersion = 17.8.34330.188
MinimumVisualStudioVersion = 10.0.40219.1
Project("{FAE04EC0-301F-11D3-BF4B-00C04F79EFBC}") = "Aula42", "Aula42.csproj", "{06AEC24B-F98F-4B41-B3A2-EA1769C8D28F}"
EndProject
Global
	GlobalSection(SolutionConfigurationPlatforms) = preSolution
		Debug|Any CPU = Debug|Any CPU
		Release|Any CPU = Release|Any CPU
	EndGlobalSection
	GlobalSection(ProjectConfigurationPlatforms) = postSolution
		{06AEC24B-F98F-4B41-B3A2-EA1769C8D28F}.Debug|Any CPU.ActiveCfg = Debug|Any CPU
		{06AEC24B-F98F-4B41-B3A2-EA1769C8D28F}.Debug|Any CPU.Build.0 = Debug|Any CPU
		{06AEC24B-F98F-4B41-B3A2-EA1769C8D28F}.Release|Any CPU.ActiveCfg = Release|Any CPU
		{06AEC24B-F98F-4B41-B3A2-EA1769C8D28F}.Release|Any CPU.Build.0 = Release|Any CPU
	EndGlobalSection
	GlobalSection(SolutionProperties) = preSolution
		HideSolutionNode = FALSE
	EndGlobalSection
	GlobalSection(ExtensibilityGlobals) = postSolution
		SolutionGuid = {B57F5D47-A1C6-4766-AD1D-21210EE9AAE5}
	EndGlobalSection
EndGlobal
